
Microsoft Visual Studio Solution File, Format Version 12.00
# Visual Studio Version 16
VisualStudioVersion = 16.0.30002.166
MinimumVisualStudioVersion = 10.0.40219.1
Project("{FAE04EC0-301F-11D3-BF4B-00C04F79EFBC}") = "Rm_HudTweaks", "Rm_HudTweaks.csproj", "{C017715B-69A2-4335-91B2-4A4190A17E0C}"
EndProject
Global
	GlobalSection(SolutionConfigurationPlatforms) = preSolution
		Debug|Any CPU = Debug|Any CPU
		Release|Any CPU = Release|Any CPU
	EndGlobalSection
	GlobalSection(ProjectConfigurationPlatforms) = postSolution
		{C017715B-69A2-4335-91B2-4A4190A17E0C}.Debug|Any CPU.ActiveCfg = Debug|Any CPU
		{C017715B-69A2-4335-91B2-4A4190A17E0C}.Debug|Any CPU.Build.0 = Debug|Any CPU
		{C017715B-69A2-4335-91B2-4A4190A17E0C}.Release|Any CPU.ActiveCfg = Release|Any CPU
		{C017715B-69A2-4335-91B2-4A4190A17E0C}.Release|Any CPU.Build.0 = Release|Any CPU
	EndGlobalSection
	GlobalSection(SolutionProperties) = preSolution
		HideSolutionNode = FALSE
	EndGlobalSection
	GlobalSection(ExtensibilityGlobals) = postSolution
		SolutionGuid = {A4C18309-5FB3-44EC-9AB5-BE6059603716}
	EndGlobalSection
EndGlobal
