
Microsoft Visual Studio Solution File, Format Version 12.00
# Visual Studio Version 17
VisualStudioVersion = 17.5.002.0
MinimumVisualStudioVersion = 10.0.40219.1
Project("{9A19103F-16F7-4668-BE54-9A1E7A4F7556}") = "Rm_PowerModifier", "Rm_PowerModifier.csproj", "{3C97882D-8B51-45B6-8246-340CDE1B0819}"
EndProject
Global
	GlobalSection(SolutionConfigurationPlatforms) = preSolution
		Debug|Any CPU = Debug|Any CPU
		Release|Any CPU = Release|Any CPU
	EndGlobalSection
	GlobalSection(ProjectConfigurationPlatforms) = postSolution
		{3C97882D-8B51-45B6-8246-340CDE1B0819}.Debug|Any CPU.ActiveCfg = Debug|Any CPU
		{3C97882D-8B51-45B6-8246-340CDE1B0819}.Debug|Any CPU.Build.0 = Debug|Any CPU
		{3C97882D-8B51-45B6-8246-340CDE1B0819}.Release|Any CPU.ActiveCfg = Release|Any CPU
		{3C97882D-8B51-45B6-8246-340CDE1B0819}.Release|Any CPU.Build.0 = Release|Any CPU
	EndGlobalSection
	GlobalSection(SolutionProperties) = preSolution
		HideSolutionNode = FALSE
	EndGlobalSection
	GlobalSection(ExtensibilityGlobals) = postSolution
		SolutionGuid = {AE74004A-FBB6-4AAD-B315-0BA43F84DC2B}
	EndGlobalSection
EndGlobal
