
Microsoft Visual Studio Solution File, Format Version 12.00
# Visual Studio Version 16
VisualStudioVersion = 16.0.29920.165
MinimumVisualStudioVersion = 10.0.40219.1
Project("{FAE04EC0-301F-11D3-BF4B-00C04F79EFBC}") = "Rm_PowerModifier", "Rm_PowerModifier.csproj", "{4C32AA3A-4E33-454A-84E0-14708C791AF1}"
EndProject
Global
	GlobalSection(SolutionConfigurationPlatforms) = preSolution
		Debug|Any CPU = Debug|Any CPU
		Release|Any CPU = Release|Any CPU
	EndGlobalSection
	GlobalSection(ProjectConfigurationPlatforms) = postSolution
		{4C32AA3A-4E33-454A-84E0-14708C791AF1}.Debug|Any CPU.ActiveCfg = Debug|Any CPU
		{4C32AA3A-4E33-454A-84E0-14708C791AF1}.Debug|Any CPU.Build.0 = Debug|Any CPU
		{4C32AA3A-4E33-454A-84E0-14708C791AF1}.Release|Any CPU.ActiveCfg = Release|Any CPU
		{4C32AA3A-4E33-454A-84E0-14708C791AF1}.Release|Any CPU.Build.0 = Release|Any CPU
	EndGlobalSection
	GlobalSection(SolutionProperties) = preSolution
		HideSolutionNode = FALSE
	EndGlobalSection
	GlobalSection(ExtensibilityGlobals) = postSolution
		SolutionGuid = {EB3FFA4B-CC89-4E1A-9D70-0476E1EEC353}
	EndGlobalSection
EndGlobal
