Microsoft Visual Studio Solution File, Format Version 12.00
# Visual Studio Version 17
VisualStudioVersion = 17.5.2.0
MinimumVisualStudioVersion = 10.0.40219.1
Project("{FAE04EC0-301F-11D3-BF4B-00C04F79EFBC}") = "Rm_FastBuild", "Rm_FastBuild.csproj", "{4713C8E4-45F9-86DC-52E6-8BE0AF76E219}"
EndProject
Global
	GlobalSection(SolutionConfigurationPlatforms) = preSolution
		Debug|Any CPU = Debug|Any CPU
		Release|Any CPU = Release|Any CPU
	EndGlobalSection
	GlobalSection(ProjectConfigurationPlatforms) = postSolution
		{4713C8E4-45F9-86DC-52E6-8BE0AF76E219}.Debug|Any CPU.ActiveCfg = Debug|Any CPU
		{4713C8E4-45F9-86DC-52E6-8BE0AF76E219}.Debug|Any CPU.Build.0 = Debug|Any CPU
		{4713C8E4-45F9-86DC-52E6-8BE0AF76E219}.Release|Any CPU.ActiveCfg = Release|Any CPU
		{4713C8E4-45F9-86DC-52E6-8BE0AF76E219}.Release|Any CPU.Build.0 = Release|Any CPU
	EndGlobalSection
	GlobalSection(SolutionProperties) = preSolution
		HideSolutionNode = FALSE
	EndGlobalSection
	GlobalSection(ExtensibilityGlobals) = postSolution
		SolutionGuid = {49D46831-DE63-4ECB-8309-0B2B2666031B}
	EndGlobalSection
EndGlobal
